
Microsoft Visual Studio Solution File, Format Version 12.00
# Visual Studio 2017
Project("{FAE04EC0-301F-11D3-BF4B-00C04F79EFBC}") = "HoloLeague", "HoloLeague.csproj", "{9AADD4F6-E1DE-786D-22D1-40ECEC131023}"
EndProject
Project("{FAE04EC0-301F-11D3-BF4B-00C04F79EFBC}") = "HoloLeague.Editor", "HoloLeague.Editor.csproj", "{EC1CF11F-006F-1FAC-25AA-176208CB83A9}"
EndProject
Global
	GlobalSection(SolutionConfigurationPlatforms) = preSolution
		Debug|Any CPU = Debug|Any CPU
		Release|Any CPU = Release|Any CPU
	EndGlobalSection
	GlobalSection(ProjectConfigurationPlatforms) = postSolution
		{9AADD4F6-E1DE-786D-22D1-40ECEC131023}.Debug|Any CPU.ActiveCfg = Debug|Any CPU
		{9AADD4F6-E1DE-786D-22D1-40ECEC131023}.Debug|Any CPU.Build.0 = Debug|Any CPU
		{9AADD4F6-E1DE-786D-22D1-40ECEC131023}.Release|Any CPU.ActiveCfg = Release|Any CPU
		{9AADD4F6-E1DE-786D-22D1-40ECEC131023}.Release|Any CPU.Build.0 = Release|Any CPU
		{EC1CF11F-006F-1FAC-25AA-176208CB83A9}.Debug|Any CPU.ActiveCfg = Debug|Any CPU
		{EC1CF11F-006F-1FAC-25AA-176208CB83A9}.Debug|Any CPU.Build.0 = Debug|Any CPU
		{EC1CF11F-006F-1FAC-25AA-176208CB83A9}.Release|Any CPU.ActiveCfg = Release|Any CPU
		{EC1CF11F-006F-1FAC-25AA-176208CB83A9}.Release|Any CPU.Build.0 = Release|Any CPU
	EndGlobalSection
	GlobalSection(SolutionProperties) = preSolution
		HideSolutionNode = FALSE
	EndGlobalSection
EndGlobal
